# THIS IS AN AUTOGENERATED FILE. DO NOT EDIT THIS FILE DIRECTLY.
# yarn lockfile v1


"@types/jquery@*", "@types/jquery@>=2.0.0":
  version "3.5.32"
  resolved "https://registry.yarnpkg.com/@types/jquery/-/jquery-3.5.32.tgz#3eb0da20611b92c7c49ebed6163b52a4fdc57def"
  integrity sha512-b9Xbf4CkMqS02YH8zACqN1xzdxc3cO735Qe5AbSUFmyOiaWAbcpqh9Wna+Uk0vgACvoQHpWDg2rGdHkYPLmCiQ==
  dependencies:
    "@types/sizzle" "*"

"@types/sizzle@*":
  version "2.3.9"
  resolved "https://registry.yarnpkg.com/@types/sizzle/-/sizzle-2.3.9.tgz#d4597dbd4618264c414d7429363e3f50acb66ea2"
  integrity sha512-xzLEyKB50yqCUPUJkIsrVvoWNfFUbIZI+RspLWt8u+tIW/BetMBZtgV2LY/2o+tYH8dRvQ+eoPf3NdhQCcLE2w==

"@types/slick-carousel@^1.6.0":
  version "1.6.40"
  resolved "https://registry.yarnpkg.com/@types/slick-carousel/-/slick-carousel-1.6.40.tgz#0d68ad5aced7980c8e2fe1d4563be94e129a7ec0"
  integrity sha512-r56PBGVLYHmZvFSV+UC4dYbnpEu3LGzgJiSSixBx5ME+IUhsyho1XP7gKSG0R9tiYSx54ftq/g+miLQTbA10Dw==
  dependencies:
    "@types/jquery" "*"

ngx-slick-carousel@^19.0.0:
  version "19.0.0"
  resolved "https://registry.yarnpkg.com/ngx-slick-carousel/-/ngx-slick-carousel-19.0.0.tgz#4c53a4e4ef020d1957a1972e4bea65c79bd5e1c3"
  integrity sha512-3FoA3vaJW/Ao75BGn6JgTCqj3UcK1bJGnhLXh9JzqLgCzFQg5Ztjst4089j5hu2/cLOIB9vtXXxWSL2s/W/8Yg==
  dependencies:
    "@types/jquery" ">=2.0.0"
    "@types/slick-carousel" "^1.6.0"
    tslib "^2.3.0"

tslib@^2.3.0:
  version "2.8.1"
  resolved "https://registry.yarnpkg.com/tslib/-/tslib-2.8.1.tgz#612efe4ed235d567e8aba5f2a5fab70280ade83f"
  integrity sha512-oJFu94HQb+KVduSUQL7wnpmqnfmLsOA/nAh6b6EH0wCEoK0/mPeXU6c3wKDV83MkOuHPRHtSXKKU99IBazS/2w==
